
Microsoft Visual Studio Solution File, Format Version 12.00
# Visual Studio Version 16
VisualStudioVersion = 16.0.30804.86
MinimumVisualStudioVersion = 10.0.40219.1
Project("{FAE04EC0-301F-11D3-BF4B-00C04F79EFBC}") = "OOP2", "OOP2\OOP2.csproj", "{90C44C4A-D533-4369-B7C1-717081EF524F}"
EndProject
Project("{FAE04EC0-301F-11D3-BF4B-00C04F79EFBC}") = "OOP3", "OOP3\OOP3.csproj", "{33172FBE-312E-4B80-9959-932F356988C2}"
EndProject
Global
	GlobalSection(SolutionConfigurationPlatforms) = preSolution
		Debug|Any CPU = Debug|Any CPU
		Release|Any CPU = Release|Any CPU
	EndGlobalSection
	GlobalSection(ProjectConfigurationPlatforms) = postSolution
		{90C44C4A-D533-4369-B7C1-717081EF524F}.Debug|Any CPU.ActiveCfg = Debug|Any CPU
		{90C44C4A-D533-4369-B7C1-717081EF524F}.Debug|Any CPU.Build.0 = Debug|Any CPU
		{90C44C4A-D533-4369-B7C1-717081EF524F}.Release|Any CPU.ActiveCfg = Release|Any CPU
		{90C44C4A-D533-4369-B7C1-717081EF524F}.Release|Any CPU.Build.0 = Release|Any CPU
		{33172FBE-312E-4B80-9959-932F356988C2}.Debug|Any CPU.ActiveCfg = Debug|Any CPU
		{33172FBE-312E-4B80-9959-932F356988C2}.Debug|Any CPU.Build.0 = Debug|Any CPU
		{33172FBE-312E-4B80-9959-932F356988C2}.Release|Any CPU.ActiveCfg = Release|Any CPU
		{33172FBE-312E-4B80-9959-932F356988C2}.Release|Any CPU.Build.0 = Release|Any CPU
	EndGlobalSection
	GlobalSection(SolutionProperties) = preSolution
		HideSolutionNode = FALSE
	EndGlobalSection
	GlobalSection(ExtensibilityGlobals) = postSolution
		SolutionGuid = {7C330EFA-C36A-4DD0-B8C8-DAA67D8A54A1}
	EndGlobalSection
EndGlobal
